schema: '2.0'
stages:
  preprocess:
    cmd: python src/preprocess/preprocess_data.py
    deps:
    - path: data/raw/test.tsv
      md5: 870876b5cdb5878d57c4c6b06aabb844
      size: 1061380
    - path: data/raw/train.tsv
      md5: 6dcd8f9ee0764376210cb7a49af768c8
      size: 7296174
    - path: data/raw/validation.tsv
      md5: 77296c9342a497534039d1ce6295962c
      size: 2196271
    - path: src/preprocess/preprocess_data.py
      md5: 9941bb4a9120f91a80420afe7b3b5b98
      size: 4206
    params:
      params.yaml:
        preprocess:
          script: src/preprocess/preprocess_data.py
          input_train: data/raw/train.tsv
          input_val: data/raw/validation.tsv
          input_test: data/raw/test.tsv
          output_train: data/processed/train_preprocessed.pkl
          output_val: data/processed/validation_preprocessed.pkl
          output_test: data/processed/test_preprocessed.pkl
    outs:
    - path: data/processed/test_preprocessed.pkl
      md5: 560374031d4a9715559a6f248d37c25a
      size: 864828
    - path: data/processed/train_preprocessed.pkl
      md5: 5fb9cfb036a785bf3173420187a0bff4
      size: 6387135
    - path: data/processed/validation_preprocessed.pkl
      md5: c6cbd9bc38a543e6f33b3885e2561774
      size: 1922854
  featurize:
    cmd: python src/features/build_features.py
    deps:
    - path: data/processed/test_preprocessed.pkl
      md5: 560374031d4a9715559a6f248d37c25a
      size: 864828
    - path: data/processed/train_preprocessed.pkl
      md5: 5fb9cfb036a785bf3173420187a0bff4
      size: 6387135
    - path: data/processed/validation_preprocessed.pkl
      md5: c6cbd9bc38a543e6f33b3885e2561774
      size: 1922854
    - path: src/features/build_features.py
      md5: 89fa1ca6c12f792aa47f68093176186d
      size: 4641
    params:
      params.yaml:
        featurize:
          script: src/features/build_features.py
          output_train: data/interim/train_featurized.pkl
          output_val: data/interim/validation_featurized.pkl
          output_test: data/interim/test_featurized.pkl
          mlb_out: models/mlb.pkl
          tfidf_vectorizer_out: models/tfidf_vectorizer.pkl
        preprocess:
          script: src/preprocess/preprocess_data.py
          input_train: data/raw/train.tsv
          input_val: data/raw/validation.tsv
          input_test: data/raw/test.tsv
          output_train: data/processed/train_preprocessed.pkl
          output_val: data/processed/validation_preprocessed.pkl
          output_test: data/processed/test_preprocessed.pkl
    outs:
    - path: data/interim/test_featurized.pkl
      md5: 9aaee78a990a07dacb50244dbccc55f8
      size: 1652795
    - path: data/interim/train_featurized.pkl
      md5: 926101cfd13d4e44fbf5bc9c431c4438
      size: 88486206
    - path: data/interim/validation_featurized.pkl
      md5: e5c65e7540fd8c0ee0ed0f9fd71d24cf
      size: 26487048
    - path: models/mlb.pkl
      md5: 24fa46aeefc134dab1c55eb64a7219de
      size: 1880
    - path: models/tfidf_vectorizer.pkl
      md5: ea40fb5263762e4c4e8bbec6214641f6
      size: 5381469
  train:
    cmd: python src/models/train_model.py
    deps:
    - path: data/interim/train_featurized.pkl
      md5: 926101cfd13d4e44fbf5bc9c431c4438
      size: 88486206
    - path: src/models/train_model.py
      md5: 212587d629ab2560318cd7c6b83932ab
      size: 2008
    params:
      params.yaml:
        featurize:
          script: src/features/build_features.py
          output_train: data/interim/train_featurized.pkl
          output_val: data/interim/validation_featurized.pkl
          output_test: data/interim/test_featurized.pkl
          mlb_out: models/mlb.pkl
          tfidf_vectorizer_out: models/tfidf_vectorizer.pkl
        train:
          script: src/models/train_model.py
          model_out: models/model.pkl
    outs:
    - path: models/model.pkl
      md5: b40ad01a5b1bd637811b4753e8c817cc
      size: 14664331
  evaluate:
    cmd: python src/models/evaluate_model.py
    deps:
    - path: data/interim/validation_featurized.pkl
      md5: e5c65e7540fd8c0ee0ed0f9fd71d24cf
      size: 26487048
    - path: models/model.pkl
      md5: b40ad01a5b1bd637811b4753e8c817cc
      size: 14664331
    - path: src/models/evaluate_model.py
      md5: 6e55f449bfd03142e7dee8c6cbb529dc
      size: 3821
    params:
      params.yaml:
        evaluate:
          script: src/models/evaluate_model.py
          scores_path: reports/scores.json
          roc_json: reports/roc_plot.json
          prc_json: reports/prc_plot.json
        featurize:
          script: src/features/build_features.py
          output_train: data/interim/train_featurized.pkl
          output_val: data/interim/validation_featurized.pkl
          output_test: data/interim/test_featurized.pkl
          mlb_out: models/mlb.pkl
          tfidf_vectorizer_out: models/tfidf_vectorizer.pkl
        train:
          script: src/models/train_model.py
          model_out: models/model.pkl
    outs:
    - path: reports/scores.json
      md5: eeb6bac1d5accb237c5746873af39ede
      size: 169
