schema: '2.0'
stages:
  preprocess:
    cmd: python src/preprocess/preprocess_data.py
    deps:
    - path: data/raw/test.tsv
      md5: 870876b5cdb5878d57c4c6b06aabb844
      size: 1061380
    - path: data/raw/train.tsv
      md5: b381c8ca1dbcf54a1a9ca09cb554a375
      size: 9551368
    - path: data/raw/validation.tsv
      md5: 77296c9342a497534039d1ce6295962c
      size: 2196271
    - path: src/preprocess/preprocess_data.py
      md5: 9941bb4a9120f91a80420afe7b3b5b98
      size: 4206
    params:
      params.yaml:
        preprocess:
          script: src/preprocess/preprocess_data.py
          input_train: data/raw/train.tsv
          input_val: data/raw/validation.tsv
          input_test: data/raw/test.tsv
          output_train: data/processed/train_preprocessed.pkl
          output_val: data/processed/validation_preprocessed.pkl
          output_test: data/processed/test_preprocessed.pkl
    outs:
    - path: data/processed/test_preprocessed.pkl
      md5: 560374031d4a9715559a6f248d37c25a
      size: 864828
    - path: data/processed/train_preprocessed.pkl
      md5: 7ff726f373bbb0da83201fbf53603cdf
      size: 8321338
    - path: data/processed/validation_preprocessed.pkl
      md5: c6cbd9bc38a543e6f33b3885e2561774
      size: 1922854
  featurize:
    cmd: python src/features/build_features.py
    deps:
    - path: data/processed/test_preprocessed.pkl
      md5: 560374031d4a9715559a6f248d37c25a
      size: 864828
    - path: data/processed/train_preprocessed.pkl
      md5: 7ff726f373bbb0da83201fbf53603cdf
      size: 8321338
    - path: data/processed/validation_preprocessed.pkl
      md5: c6cbd9bc38a543e6f33b3885e2561774
      size: 1922854
    - path: src/features/build_features.py
      md5: 89fa1ca6c12f792aa47f68093176186d
      size: 4641
    params:
      params.yaml:
        featurize:
          script: src/features/build_features.py
          output_train: data/interim/train_featurized.pkl
          output_val: data/interim/validation_featurized.pkl
          output_test: data/interim/test_featurized.pkl
          mlb_out: models/mlb.pkl
          tfidf_vectorizer_out: models/tfidf_vectorizer.pkl
        preprocess:
          script: src/preprocess/preprocess_data.py
          input_train: data/raw/train.tsv
          input_val: data/raw/validation.tsv
          input_test: data/raw/test.tsv
          output_train: data/processed/train_preprocessed.pkl
          output_val: data/processed/validation_preprocessed.pkl
          output_test: data/processed/test_preprocessed.pkl
    outs:
    - path: data/interim/test_featurized.pkl
      md5: 9d4715386f490015c6151608d25835e8
      size: 1690331
    - path: data/interim/train_featurized.pkl
      md5: fab1f44bf7eacbda96d5b0fca7348e9e
      size: 114145254
    - path: data/interim/validation_featurized.pkl
      md5: 80d439bd63f70f0189ba33b7c34b1165
      size: 26542872
    - path: models/mlb.pkl
      md5: 24fa46aeefc134dab1c55eb64a7219de
      size: 1880
    - path: models/tfidf_vectorizer.pkl
      md5: 7fe5ae9a8bd375d6dcfec45d7a598a27
      size: 7240382
  train:
    cmd: python src/models/train_model.py
    deps:
    - path: data/interim/train_featurized.pkl
      md5: fab1f44bf7eacbda96d5b0fca7348e9e
      size: 114145254
    - path: src/models/train_model.py
      md5: 212587d629ab2560318cd7c6b83932ab
      size: 2008
    params:
      params.yaml:
        featurize:
          script: src/features/build_features.py
          output_train: data/interim/train_featurized.pkl
          output_val: data/interim/validation_featurized.pkl
          output_test: data/interim/test_featurized.pkl
          mlb_out: models/mlb.pkl
          tfidf_vectorizer_out: models/tfidf_vectorizer.pkl
        train:
          script: src/models/train_model.py
          model_out: models/model.pkl
    outs:
    - path: models/model.pkl
      md5: 32d268afa47f0f30315500f9a69abfaf
      size: 18967531
  evaluate:
    cmd: python src/models/evaluate_model.py
    deps:
    - path: data/interim/validation_featurized.pkl
      md5: 80d439bd63f70f0189ba33b7c34b1165
      size: 26542872
    - path: models/model.pkl
      md5: 32d268afa47f0f30315500f9a69abfaf
      size: 18967531
    - path: src/models/evaluate_model.py
      md5: 6e55f449bfd03142e7dee8c6cbb529dc
      size: 3821
    params:
      params.yaml:
        evaluate:
          script: src/models/evaluate_model.py
          scores_path: reports/scores.json
          roc_json: reports/roc_plot.json
          prc_json: reports/prc_plot.json
        featurize:
          script: src/features/build_features.py
          output_train: data/interim/train_featurized.pkl
          output_val: data/interim/validation_featurized.pkl
          output_test: data/interim/test_featurized.pkl
          mlb_out: models/mlb.pkl
          tfidf_vectorizer_out: models/tfidf_vectorizer.pkl
        train:
          script: src/models/train_model.py
          model_out: models/model.pkl
    outs:
    - path: reports/scores.json
      md5: 27338488bbd924ed765549a4a28a3860
      size: 170
