schema: '2.0'
stages:
  preprocess:
    cmd: python src/preprocess/preprocess_data.py
    deps:
    - path: data/raw/test.tsv
      md5: 870876b5cdb5878d57c4c6b06aabb844
      size: 1061380
    - path: data/raw/train.tsv
      md5: be7b9886a248d276fb0ec2e836d86245
      size: 7296139
    - path: data/raw/validation.tsv
      md5: 77296c9342a497534039d1ce6295962c
      size: 2196271
    - path: src/preprocess/preprocess_data.py
      md5: 9941bb4a9120f91a80420afe7b3b5b98
      size: 4206
    params:
      params.yaml:
        preprocess:
          script: src/preprocess/preprocess_data.py
          input_train: data/raw/train.tsv
          input_val: data/raw/validation.tsv
          input_test: data/raw/test.tsv
          output_train: data/processed/train_preprocessed.pkl
          output_val: data/processed/validation_preprocessed.pkl
          output_test: data/processed/test_preprocessed.pkl
    outs:
    - path: data/processed/test_preprocessed.pkl
      md5: 560374031d4a9715559a6f248d37c25a
      size: 864828
    - path: data/processed/train_preprocessed.pkl
      md5: 2d8f0094af314e5bec9253fd319904a1
      size: 6387103
    - path: data/processed/validation_preprocessed.pkl
      md5: c6cbd9bc38a543e6f33b3885e2561774
      size: 1922854
  featurize:
    cmd: python src/features/build_features.py
    deps:
    - path: data/processed/test_preprocessed.pkl
      md5: 560374031d4a9715559a6f248d37c25a
      size: 864828
    - path: data/processed/train_preprocessed.pkl
      md5: 2d8f0094af314e5bec9253fd319904a1
      size: 6387103
    - path: data/processed/validation_preprocessed.pkl
      md5: c6cbd9bc38a543e6f33b3885e2561774
      size: 1922854
    - path: src/features/build_features.py
      md5: 89fa1ca6c12f792aa47f68093176186d
      size: 4641
    params:
      params.yaml:
        featurize:
          script: src/features/build_features.py
          output_train: data/interim/train_featurized.pkl
          output_val: data/interim/validation_featurized.pkl
          output_test: data/interim/test_featurized.pkl
          mlb_out: models/mlb.pkl
          tfidf_vectorizer_out: models/tfidf_vectorizer.pkl
        preprocess:
          script: src/preprocess/preprocess_data.py
          input_train: data/raw/train.tsv
          input_val: data/raw/validation.tsv
          input_test: data/raw/test.tsv
          output_train: data/processed/train_preprocessed.pkl
          output_val: data/processed/validation_preprocessed.pkl
          output_test: data/processed/test_preprocessed.pkl
    outs:
    - path: data/interim/test_featurized.pkl
      md5: b0a79cca2675fe19fec0a1764102c1d9
      size: 1652795
    - path: data/interim/train_featurized.pkl
      md5: 1fb3bec983dcf9333240de2dc26d52ce
      size: 88485366
    - path: data/interim/validation_featurized.pkl
      md5: 707a98e55b076020fdd15a4b43d98b85
      size: 26487048
    - path: models/mlb.pkl
      md5: 24fa46aeefc134dab1c55eb64a7219de
      size: 1880
    - path: models/tfidf_vectorizer.pkl
      md5: 42d307c79ca5314666fe400f775b89b9
      size: 5381454
  train:
    cmd: python src/models/train_model.py
    deps:
    - path: data/interim/train_featurized.pkl
      md5: 1fb3bec983dcf9333240de2dc26d52ce
      size: 88485366
    - path: src/models/train_model.py
      md5: 212587d629ab2560318cd7c6b83932ab
      size: 2008
    params:
      params.yaml:
        featurize:
          script: src/features/build_features.py
          output_train: data/interim/train_featurized.pkl
          output_val: data/interim/validation_featurized.pkl
          output_test: data/interim/test_featurized.pkl
          mlb_out: models/mlb.pkl
          tfidf_vectorizer_out: models/tfidf_vectorizer.pkl
        train:
          script: src/models/train_model.py
          model_out: models/model.pkl
    outs:
    - path: models/model.pkl
      md5: faef7f0df83b4e1a5a9f2533eecef8bc
      size: 14664331
  evaluate:
    cmd: python src/models/evaluate_model.py
    deps:
    - path: data/interim/validation_featurized.pkl
      md5: 707a98e55b076020fdd15a4b43d98b85
      size: 26487048
    - path: models/model.pkl
      md5: faef7f0df83b4e1a5a9f2533eecef8bc
      size: 14664331
    - path: src/models/evaluate_model.py
      md5: 6e55f449bfd03142e7dee8c6cbb529dc
      size: 3821
    params:
      params.yaml:
        evaluate:
          script: src/models/evaluate_model.py
          scores_path: reports/scores.json
          roc_json: reports/roc_plot.json
          prc_json: reports/prc_plot.json
        featurize:
          script: src/features/build_features.py
          output_train: data/interim/train_featurized.pkl
          output_val: data/interim/validation_featurized.pkl
          output_test: data/interim/test_featurized.pkl
          mlb_out: models/mlb.pkl
          tfidf_vectorizer_out: models/tfidf_vectorizer.pkl
        train:
          script: src/models/train_model.py
          model_out: models/model.pkl
    outs:
    - path: reports/scores.json
      md5: 3dae577107724ba5b267021f412748fb
      size: 155
